{
  "name": "uoc-boilerplate",
  "version": "2.3.0",
  "lockfileVersion": 1,
  "requires": true,
  "dependencies": {
    "@babel/cli": {
      "version": "7.6.0",
      "resolved": "https://registry.npmjs.org/@babel/cli/-/cli-7.6.0.tgz",
      "integrity": "sha512-1CTDyGUjQqW3Mz4gfKZ04KGOckyyaNmKneAMlABPS+ZyuxWv3FrVEVz7Ag08kNIztVx8VaJ8YgvYLSNlMKAT5Q==",
      "dev": true
    },
    "@babel/core": {
      "version": "7.6.0",
      "resolved": "https://registry.npmjs.org/@babel/core/-/core-7.6.0.tgz",
      "integrity": "sha512-FuRhDRtsd6IptKpHXAa+4WPZYY2ZzgowkbLBecEDDSje1X/apG7jQM33or3NdOmjXBKWGOg4JmSiRfUfuTtHXw==",
      "dev": true,
      "dependencies": {
        "debug": {
          "version": "4.1.1",
          "resolved": "https://registry.npmjs.org/debug/-/debug-4.1.1.tgz",
          "integrity": "sha512-pYAIzeRo8J6KPEaJ0VWOh5Pzkbw/RetuzehGM7QRRX5he4fPHx2rdKMB256ehJCkX+XRQm16eZLqLNS8RSZXZw=="
        },
        "ms": {
          "version": "2.1.2",
          "resolved": "https://registry.npmjs.org/ms/-/ms-2.1.2.tgz",
          "integrity": "sha512-sGkPx+VjMtmA6MX27oA4FBFELFCZZ4S4XqeGOXCv68tT+jb3vk/RyaKWP0PTKyWtmLSM0b+adUTEvbs1PEaH2w=="
        }
      }
    },
    "@babel/preset-env": {
      "version": "7.6.0",
      "resolved": "https://registry.npmjs.org/@babel/preset-env/-/preset-env-7.6.0.tgz",
      "integrity": "sha512-1efzxFv/TcPsNXlRhMzRnkBFMeIqBBgzwmZwlFDw5Ubj0AGLeufxugirwZmkkX/ayi3owsSqoQ4fw8LkfK9SYg==",
      "dev": true
    },
    "@fortawesome/fontawesome-free": {
      "version": "5.11.2",
      "resolved": "https://registry.npmjs.org/@fortawesome/fontawesome-free/-/fontawesome-free-5.11.2.tgz",
      "integrity": "sha512-XiUPoS79r1G7PcpnNtq85TJ7inJWe0v+b5oZJZKb0pGHNIV6+UiNeQWiFGmuQ0aj7GEhnD/v9iqxIsjuRKtEnQ=="
    },
    "bootstrap": {
      "version": "4.4.1",
      "resolved": "https://registry.npmjs.org/bootstrap/-/bootstrap-4.4.1.tgz",
      "integrity": "sha512-tbx5cHubwE6e2ZG7nqM3g/FZ5PQEDMWmMGNrCUBVRPHXTJaH7CBDdsLeu3eCh3B1tzAxTnAbtmrzvWEvT2NNEA=="
    },
    "jquery": {
      "version": "3.5.0",
      "resolved": "https://registry.npmjs.org/jquery/-/jquery-3.5.0.tgz",
      "integrity": "sha512-Xb7SVYMvygPxbFMpTFQiHh1J7HClEaThguL15N/Gg37Lri/qKyhRGZYzHRyLH8Stq3Aow0LsHO2O2ci86fCrNQ=="
    },
    "npm-run-all": {
      "version": "4.1.5",
      "resolved": "https://registry.npmjs.org/npm-run-all/-/npm-run-all-4.1.5.tgz",
      "integrity": "sha512-Oo82gJDAVcaMdi3nuoKFavkIHBRVqQ1qvMb+9LHk/cF4P6B2m8aP04hGf7oL6wZ9BuGwX1onlLhpuoofSyoQDQ==",
      "dev": true
    },
    "parcel-bundler": {
      "version": "1.12.3",
      "resolved": "https://registry.npmjs.org/parcel-bundler/-/parcel-bundler-1.12.3.tgz",
      "integrity": "sha512-8bq6lj0hhQeGxD9f9xEkFMXQ3d8TIlf2+isKxoi9bciB0KVEILRGllaPkUgp++5t0anToBh9+tG6ZyInXOC1/A==",
      "dev": true,
      "dependencies": {
        "@babel/code-frame": {
          "version": "7.0.0",
          "resolved": "https://registry.npmjs.org/@babel/code-frame/-/code-frame-7.0.0.tgz",
          "integrity": "sha512-OfC2uemaknXr87bdLUkWog7nYuliM9Ij5HUcajsVcMCpQrcLmtxRbVFTIqmcSkSeYRBFBRxs2FiUqFJDLdiebA=="
        },
        "@babel/core": {
          "version": "7.3.4",
          "resolved": "https://registry.npmjs.org/@babel/core/-/core-7.3.4.tgz",
          "integrity": "sha512-jRsuseXBo9pN197KnDwhhaaBzyZr2oIcLHHTt2oDdQrej5Qp57dCCJafWx5ivU8/alEYDpssYqv1MUqcxwQlrA==",
          "dependencies": {
            "json5": {
              "version": "2.1.0",
              "resolved": "https://registry.npmjs.org/json5/-/json5-2.1.0.tgz",
              "integrity": "sha512-8Mh9h6xViijj36g7Dxi+Y4S6hNGV96vcJZr/SrlHh1LR/pEn/8j/+qIBbs44YKl69Lrfctp4QD+AdWLTMqEZAQ=="
            },
            "source-map": {
              "version": "0.5.7",
              "resolved": "https://registry.npmjs.org/source-map/-/source-map-0.5.7.tgz",
              "integrity": "sha1-igOdLRAh0i0eoUyA2OpGi6LvP8w="
            }
          }
        },
        "@babel/generator": {
          "version": "7.3.4",
          "resolved": "https://registry.npmjs.org/@babel/generator/-/generator-7.3.4.tgz",
          "integrity": "sha512-8EXhHRFqlVVWXPezBW5keTiQi/rJMQTg/Y9uVCEZ0CAF3PKtCCaVRnp64Ii1ujhkoDhhF1fVsImoN4yJ2uz4Wg==",
          "dependencies": {
            "source-map": {
              "version": "0.5.7",
              "resolved": "https://registry.npmjs.org/source-map/-/source-map-0.5.7.tgz",
              "integrity": "sha1-igOdLRAh0i0eoUyA2OpGi6LvP8w="
            }
          }
        },
        "@babel/parser": {
          "version": "7.3.4",
          "resolved": "https://registry.npmjs.org/@babel/parser/-/parser-7.3.4.tgz",
          "integrity": "sha512-tXZCqWtlOOP4wgCp6RjRvLmfuhnqTLy9VHwRochJBCP2nDm27JnnuFEnXFASVyQNHk36jD1tAammsCEEqgscIQ=="
        },
        "@babel/plugin-transform-modules-commonjs": {
          "version": "7.2.0",
          "resolved": "https://registry.npmjs.org/@babel/plugin-transform-modules-commonjs/-/plugin-transform-modules-commonjs-7.2.0.tgz",
          "integrity": "sha512-V6y0uaUQrQPXUrmj+hgnks8va2L0zcZymeU7TtWEgdRLNkceafKXEduv7QzgQAE4lT+suwooG9dC7LFhdRAbVQ=="
        },
        "@babel/preset-env": {
          "version": "7.3.4",
          "resolved": "https://registry.npmjs.org/@babel/preset-env/-/preset-env-7.3.4.tgz",
          "integrity": "sha512-2mwqfYMK8weA0g0uBKOt4FE3iEodiHy9/CW0b+nWXcbL+pGzLx8ESYc+j9IIxr6LTDHWKgPm71i9smo02bw+gA=="
        },
        "@babel/template": {
          "version": "7.2.2",
          "resolved": "https://registry.npmjs.org/@babel/template/-/template-7.2.2.tgz",
          "integrity": "sha512-zRL0IMM02AUDwghf5LMSSDEz7sBCO2YnNmpg3uWTZj/v1rcG2BmQUvaGU8GhU8BvfMh1k2KIAYZ7Ji9KXPUg7g=="
        },
        "@babel/traverse": {
          "version": "7.3.4",
          "resolved": "https://registry.npmjs.org/@babel/traverse/-/traverse-7.3.4.tgz",
          "integrity": "sha512-TvTHKp6471OYEcE/91uWmhR6PrrYywQntCHSaZ8CM8Vmp+pjAusal4nGB2WCCQd0rvI7nOMKn9GnbcvTUz3/ZQ=="
        },
        "@babel/types": {
          "version": "7.3.4",
          "resolved": "https://registry.npmjs.org/@babel/types/-/types-7.3.4.tgz",
          "integrity": "sha512-WEkp8MsLftM7O/ty580wAmZzN1nDmCACc5+jFzUt+GUFNNIi3LdRlueYz0YIlmJhlZx1QYDMZL5vdWCL0fNjFQ=="
        },
        "debug": {
          "version": "4.1.1",
          "resolved": "https://registry.npmjs.org/debug/-/debug-4.1.1.tgz",
          "integrity": "sha512-pYAIzeRo8J6KPEaJ0VWOh5Pzkbw/RetuzehGM7QRRX5he4fPHx2rdKMB256ehJCkX+XRQm16eZLqLNS8RSZXZw=="
        },
        "json5": {
          "version": "1.0.1",
          "resolved": "https://registry.npmjs.org/json5/-/json5-1.0.1.tgz",
          "integrity": "sha512-aKS4WQjPenRxiQsC93MNfjx+nbF4PAdYzmd/1JIj8HYzqfbu86beTuNgXDzPknWk0n0uARlyewZo4s++ES36Ow=="
        },
        "minimist": {
          "version": "1.2.0",
          "resolved": "https://registry.npmjs.org/minimist/-/minimist-1.2.0.tgz",
          "integrity": "sha1-o1AIsg9BOD7sH7kU9M1d95omQoQ="
        },
        "ms": {
          "version": "2.1.2",
          "resolved": "https://registry.npmjs.org/ms/-/ms-2.1.2.tgz",
          "integrity": "sha512-sGkPx+VjMtmA6MX27oA4FBFELFCZZ4S4XqeGOXCv68tT+jb3vk/RyaKWP0PTKyWtmLSM0b+adUTEvbs1PEaH2w=="
        },
        "serialize-to-js": {
          "version": "1.2.2",
          "resolved": "https://registry.npmjs.org/serialize-to-js/-/serialize-to-js-1.2.2.tgz",
          "integrity": "sha512-mUc8vA5iJghe+O+3s0YDGFLMJcqitVFk787YKiv8a4sf6RX5W0u81b+gcHrp15O0fFa010dRBVZvwcKXOWsL9Q=="
        },
        "source-map": {
          "version": "0.6.1",
          "resolved": "https://registry.npmjs.org/source-map/-/source-map-0.6.1.tgz",
          "integrity": "sha512-UjgapumWlbMhkBgzT7Ykc5YXUT46F0iKu8SGXq0bcwP5dz/h0Plj6enJqjz1Zbq2l5WaqYnrVbwWOWMyF3F47g=="
        }
      }
    },
    "popper.js": {
      "version": "1.16.0",
      "resolved": "https://registry.npmjs.org/popper.js/-/popper.js-1.16.0.tgz",
      "integrity": "sha512-+G+EkOPoE5S/zChTpmBSSDYmhXJ5PsW8eMhH8cP/CQHMFPBG/kC9Y5IIw6qNYgdJ+/COf0ddY2li28iHaZRSjw=="
    },
    "postcss-clean": {
      "version": "1.1.0",
      "resolved": "https://registry.npmjs.org/postcss-clean/-/postcss-clean-1.1.0.tgz",
      "integrity": "sha512-83g3GqMbCM5NL6MlbbPLJ/m2NrUepBF44MoDk4Gt04QGXeXKh9+ilQa0DzLnYnvqYHQCw83nckuEzBFr2muwbg==",
      "dev": true,
      "dependencies": {
        "postcss": {
          "version": "6.0.23",
          "resolved": "https://registry.npmjs.org/postcss/-/postcss-6.0.23.tgz",
          "integrity": "sha512-soOk1h6J3VMTZtVeVpv15/Hpdl2cBLX3CAw4TAbkpTJiNPk9YP/zWcD1ND+xEtvyuuvKzbxliTOIyvkSeSJ6ag=="
        },
        "source-map": {
          "version": "0.6.1",
          "resolved": "https://registry.npmjs.org/source-map/-/source-map-0.6.1.tgz",
          "integrity": "sha512-UjgapumWlbMhkBgzT7Ykc5YXUT46F0iKu8SGXq0bcwP5dz/h0Plj6enJqjz1Zbq2l5WaqYnrVbwWOWMyF3F47g=="
        }
      }
    },
    "postcss-preset-env": {
      "version": "6.7.0",
      "resolved": "https://registry.npmjs.org/postcss-preset-env/-/postcss-preset-env-6.7.0.tgz",
      "integrity": "sha512-eU4/K5xzSFwUFJ8hTdTQzo2RBLbDVt83QZrAvI07TULOkmyQlnYlpwep+2yIK+K+0KlZO4BvFcleOCCcUtwchg==",
      "dev": true
    },
    "rimraf": {
      "version": "2.7.1",
      "resolved": "https://registry.npmjs.org/rimraf/-/rimraf-2.7.1.tgz",
      "integrity": "sha512-uWjbaKIK3T1OSVptzX7Nl6PvQ3qAGtKEtVRjRuazjfL3Bx5eI409VZSqgND+4UNnmzLVdPj9FqFJNPqBZFve4w==",
      "dev": true
    },
    "sass": {
      "version": "1.22.12",
      "resolved": "https://registry.npmjs.org/sass/-/sass-1.22.12.tgz",
      "integrity": "sha512-u5Rxn+dKTPCW5/11kMNxtmqKsxCjcpnqj9CaJoru1NqeJ0DOa9rOM00e0HqmseTAatGkKoLY+jaNecMYevu1gg==",
      "dev": true
    },
    "stylelint": {
      "version": "12.0.0",
      "resolved": "https://registry.npmjs.org/stylelint/-/stylelint-12.0.0.tgz",
      "integrity": "sha512-TwqtATrFOT07SPlUGyHN7tVhWqxwitn5BlAvyBQy/ekA+Nwu4mLU9L1dvGQPNxHUBLowjvkSW18QzHHR6/FVVQ==",
      "dev": true,
      "dependencies": {
        "ansi-regex": {
          "version": "5.0.0",
          "resolved": "https://registry.npmjs.org/ansi-regex/-/ansi-regex-5.0.0.tgz",
          "integrity": "sha512-bY6fj56OUQ0hU1KjFNDQuJFezqKdrAyFdIevADiqrWHwSlbmBNMHp5ak2f40Pm8JTFyM2mqxkG6ngkHO11f/lg=="
        },
        "autoprefixer": {
          "version": "9.7.3",
          "resolved": "https://registry.npmjs.org/autoprefixer/-/autoprefixer-9.7.3.tgz",
          "integrity": "sha512-8T5Y1C5Iyj6PgkPSFd0ODvK9DIleuPKUPYniNxybS47g2k2wFgLZ46lGQHlBuGKIAEV8fbCDfKCCRS1tvOgc3Q==",
          "dependencies": {
            "chalk": {
              "version": "2.4.2",
              "resolved": "https://registry.npmjs.org/chalk/-/chalk-2.4.2.tgz",
              "integrity": "sha512-Mti+f9lpJNcwF4tWV8/OrTTtF1gZi+f8FqlyAdouralcFWFQWF2+NgCHShjkCb+IFBLq9buZwE1xckQU4peSuQ=="
            }
          }
        },
        "braces": {
          "version": "3.0.2",
          "resolved": "https://registry.npmjs.org/braces/-/braces-3.0.2.tgz",
          "integrity": "sha512-b8um+L1RzM3WDSzvhm6gIz1yfTbBt6YTlcEKAvsmqCZZFw46z626lVj9j1yEPW33H5H+lBQpZMP1k8l+78Ha0A=="
        },
        "browserslist": {
          "version": "4.8.2",
          "resolved": "https://registry.npmjs.org/browserslist/-/browserslist-4.8.2.tgz",
          "integrity": "sha512-+M4oeaTplPm/f1pXDw84YohEv7B1i/2Aisei8s4s6k3QsoSHa7i5sz8u/cGQkkatCPxMASKxPualR4wwYgVboA=="
        },
        "caniuse-lite": {
          "version": "1.0.30001015",
          "resolved": "https://registry.npmjs.org/caniuse-lite/-/caniuse-lite-1.0.30001015.tgz",
          "integrity": "sha512-/xL2AbW/XWHNu1gnIrO8UitBGoFthcsDgU9VLK1/dpsoxbaD5LscHozKze05R6WLsBvLhqv78dAPozMFQBYLbQ=="
        },
        "chalk": {
          "version": "3.0.0",
          "resolved": "https://registry.npmjs.org/chalk/-/chalk-3.0.0.tgz",
          "integrity": "sha512-4D3B6Wf41KOYRFdszmDqMCGq5VV/uMAB273JILmO+3jAlh8X4qDtdtgCR3fxtbLEMzSx22QdhnDcJvu2u1fVwg==",
          "dependencies": {
            "ansi-styles": {
              "version": "4.2.0",
              "resolved": "https://registry.npmjs.org/ansi-styles/-/ansi-styles-4.2.0.tgz",
              "integrity": "sha512-7kFQgnEaMdRtwf6uSfUnVr9gSGC7faurn+J/Mv90/W+iTtN0405/nLdopfMWwchyxhbGYl6TC4Sccn9TUkGAgg=="
            },
            "has-flag": {
              "version": "4.0.0",
              "resolved": "https://registry.npmjs.org/has-flag/-/has-flag-4.0.0.tgz",
              "integrity": "sha512-EykJT/Q1KjTWctppgIAgfSO0tKVuZUjhgMr17kqTumMl6Afv3EISleU7qZUzoXDFTAHTDC4NOoG/ZxU3EvlMPQ=="
            },
            "supports-color": {
              "version": "7.1.0",
              "resolved": "https://registry.npmjs.org/supports-color/-/supports-color-7.1.0.tgz",
              "integrity": "sha512-oRSIpR8pxT1Wr2FquTNnGet79b3BWljqOuoW/h4oBhxJ/HUbX5nX6JSruTkvXDCFMwDPvsaTTbvMLKZWSy0R5g=="
            }
          }
        },
        "color-convert": {
          "version": "2.0.1",
          "resolved": "https://registry.npmjs.org/color-convert/-/color-convert-2.0.1.tgz",
          "integrity": "sha512-RRECPsj7iu/xb5oKYcsFHSppFNnsj/52OVTRKb4zP5onXwVF3zVmmToNcOfGC+CRDpfK/U584fMg38ZHCaElKQ=="
        },
        "color-name": {
          "version": "1.1.4",
          "resolved": "https://registry.npmjs.org/color-name/-/color-name-1.1.4.tgz",
          "integrity": "sha512-dOy+3AuW3a2wNbZHIuMZpTcgjGuLU/uBL/ubcZF9OXbDo8ff4O8yVp5Bf0efS8uEoYo5q4Fx7dY9OgQGXgAsQA=="
        },
        "cosmiconfig": {
          "version": "6.0.0",
          "resolved": "https://registry.npmjs.org/cosmiconfig/-/cosmiconfig-6.0.0.tgz",
          "integrity": "sha512-xb3ZL6+L8b9JLLCx3ZdoZy4+2ECphCMo2PwqgP1tlfVq6M6YReyzBJtvWWtbDSpNr9hn96pkCiZqUcFEc+54Qg=="
        },
        "debug": {
          "version": "4.1.1",
          "resolved": "https://registry.npmjs.org/debug/-/debug-4.1.1.tgz",
          "integrity": "sha512-pYAIzeRo8J6KPEaJ0VWOh5Pzkbw/RetuzehGM7QRRX5he4fPHx2rdKMB256ehJCkX+XRQm16eZLqLNS8RSZXZw=="
        },
        "electron-to-chromium": {
          "version": "1.3.322",
          "resolved": "https://registry.npmjs.org/electron-to-chromium/-/electron-to-chromium-1.3.322.tgz",
          "integrity": "sha512-Tc8JQEfGQ1MzfSzI/bTlSr7btJv/FFO7Yh6tanqVmIWOuNCu6/D1MilIEgLtmWqIrsv+o4IjpLAhgMBr/ncNAA=="
        },
        "fill-range": {
          "version": "7.0.1",
          "resolved": "https://registry.npmjs.org/fill-range/-/fill-range-7.0.1.tgz",
          "integrity": "sha512-qOo9F+dMUmC2Lcb4BbVvnKJxTPjCm+RRpe4gDuGrzkL7mEVl/djYSu2OdQ2Pa302N4oqkSg9ir6jaLWJ2USVpQ=="
        },
        "html-tags": {
          "version": "3.1.0",
          "resolved": "https://registry.npmjs.org/html-tags/-/html-tags-3.1.0.tgz",
          "integrity": "sha512-1qYz89hW3lFDEazhjW0yVAV87lw8lVkrJocr72XmBkMKsoSVJCQx3W8BXsC7hO2qAt8BoVjYjtAcZ9perqGnNg=="
        },
        "import-fresh": {
          "version": "3.2.1",
          "resolved": "https://registry.npmjs.org/import-fresh/-/import-fresh-3.2.1.tgz",
          "integrity": "sha512-6e1q1cnWP2RXD9/keSkxHScg508CdXqXWgWBaETNhyuBFz+kUZlKboh+ISK+bU++DmbHimVBrOz/zzPe0sZ3sQ==",
          "dependencies": {
            "resolve-from": {
              "version": "4.0.0",
              "resolved": "https://registry.npmjs.org/resolve-from/-/resolve-from-4.0.0.tgz",
              "integrity": "sha512-pb/MYmXstAkysRFx8piNI1tGFNQIFA3vkE3Gq4EuA1dF6gHp/+vgZqsCGJapvy8N3Q+4o7FwvquPJcnZ7RYy4g=="
            }
          }
        },
        "is-number": {
          "version": "7.0.0",
          "resolved": "https://registry.npmjs.org/is-number/-/is-number-7.0.0.tgz",
          "integrity": "sha512-41Cifkg6e8TylSpdtTpeLVMqvSBEVzTttHvERD741+pnZ8ANv0004MRL43QKPDlK9cGvNp6NZWZUBlbGXYxxng=="
        },
        "log-symbols": {
          "version": "3.0.0",
          "resolved": "https://registry.npmjs.org/log-symbols/-/log-symbols-3.0.0.tgz",
          "integrity": "sha512-dSkNGuI7iG3mfvDzUuYZyvk5dD9ocYCYzNU6CYDE6+Xqd+gwme6Z00NS3dUh8mq/73HaEtT7m6W+yUPtU6BZnQ==",
          "dependencies": {
            "chalk": {
              "version": "2.4.2",
              "resolved": "https://registry.npmjs.org/chalk/-/chalk-2.4.2.tgz",
              "integrity": "sha512-Mti+f9lpJNcwF4tWV8/OrTTtF1gZi+f8FqlyAdouralcFWFQWF2+NgCHShjkCb+IFBLq9buZwE1xckQU4peSuQ=="
            }
          }
        },
        "micromatch": {
          "version": "4.0.2",
          "resolved": "https://registry.npmjs.org/micromatch/-/micromatch-4.0.2.tgz",
          "integrity": "sha512-y7FpHSbMUMoyPbYUSzO6PaZ6FyRnQOpHuKwbo1G+Knck95XVU4QAiKdGEnj5wwoS7PlOgthX/09u5iFJ+aYf5Q=="
        },
        "ms": {
          "version": "2.1.2",
          "resolved": "https://registry.npmjs.org/ms/-/ms-2.1.2.tgz",
          "integrity": "sha512-sGkPx+VjMtmA6MX27oA4FBFELFCZZ4S4XqeGOXCv68tT+jb3vk/RyaKWP0PTKyWtmLSM0b+adUTEvbs1PEaH2w=="
        },
        "node-releases": {
          "version": "1.1.42",
          "resolved": "https://registry.npmjs.org/node-releases/-/node-releases-1.1.42.tgz",
          "integrity": "sha512-OQ/ESmUqGawI2PRX+XIRao44qWYBBfN54ImQYdWVTQqUckuejOg76ysSqDBK8NG3zwySRVnX36JwDQ6x+9GxzA=="
        },
        "parse-json": {
          "version": "5.0.0",
          "resolved": "https://registry.npmjs.org/parse-json/-/parse-json-5.0.0.tgz",
          "integrity": "sha512-OOY5b7PAEFV0E2Fir1KOkxchnZNCdowAJgQ5NuxjpBKTRP3pQhwkrkxqQjeoKJ+fO7bCpmIZaogI4eZGDMEGOw=="
        },
        "path-type": {
          "version": "4.0.0",
          "resolved": "https://registry.npmjs.org/path-type/-/path-type-4.0.0.tgz",
          "integrity": "sha512-gDKb8aZMDeD/tZWs9P6+q0J9Mwkdl6xMV8TjnGP3qJVJ06bdMgkbBlLU8IdfOsIsFz2BW1rNVT3XuNEl8zPAvw=="
        },
        "postcss": {
          "version": "7.0.24",
          "resolved": "https://registry.npmjs.org/postcss/-/postcss-7.0.24.tgz",
          "integrity": "sha512-Xl0XvdNWg+CblAXzNvbSOUvgJXwSjmbAKORqyw9V2AlHrm1js2gFw9y3jibBAhpKZi8b5JzJCVh/FyzPsTtgTA==",
          "dependencies": {
            "chalk": {
              "version": "2.4.2",
              "resolved": "https://registry.npmjs.org/chalk/-/chalk-2.4.2.tgz",
              "integrity": "sha512-Mti+f9lpJNcwF4tWV8/OrTTtF1gZi+f8FqlyAdouralcFWFQWF2+NgCHShjkCb+IFBLq9buZwE1xckQU4peSuQ==",
              "dependencies": {
                "supports-color": {
                  "version": "5.5.0",
                  "resolved": "https://registry.npmjs.org/supports-color/-/supports-color-5.5.0.tgz",
                  "integrity": "sha512-QjVjwdXIt408MIiAqCX4oUKsgU2EqAGzs2Ppkm4aQYbjm+ZEWEcW4SfFNTr4uMNZma0ey4f5lgLrkB0aX0QMow=="
                }
              }
            },
            "supports-color": {
              "version": "6.1.0",
              "resolved": "https://registry.npmjs.org/supports-color/-/supports-color-6.1.0.tgz",
              "integrity": "sha512-qe1jfm1Mg7Nq/NSh6XE24gPXROEVsWHxC1LIx//XNlD9iw7YZQGjZNjYN7xGaEG6iKdA8EtNFW6R0gjnVXp+wQ=="
            }
          }
        },
        "postcss-selector-parser": {
          "version": "3.1.1",
          "resolved": "https://registry.npmjs.org/postcss-selector-parser/-/postcss-selector-parser-3.1.1.tgz",
          "integrity": "sha1-T4dfSvsMllc9XPTXQBGu4lCn6GU="
        },
        "postcss-value-parser": {
          "version": "4.0.2",
          "resolved": "https://registry.npmjs.org/postcss-value-parser/-/postcss-value-parser-4.0.2.tgz",
          "integrity": "sha512-LmeoohTpp/K4UiyQCwuGWlONxXamGzCMtFxLq4W1nZVGIQLYvMCJx3yAF9qyyuFpflABI9yVdtJAqbihOsCsJQ=="
        },
        "resolve-from": {
          "version": "5.0.0",
          "resolved": "https://registry.npmjs.org/resolve-from/-/resolve-from-5.0.0.tgz",
          "integrity": "sha512-qYg9KP24dD5qka9J47d0aVky0N+b4fTU89LN9iDnjB5waksiC49rvMB0PrUJQGoTmH50XPiqOvAjDfaijGxYZw=="
        },
        "semver": {
          "version": "6.3.0",
          "resolved": "https://registry.npmjs.org/semver/-/semver-6.3.0.tgz",
          "integrity": "sha512-b39TBaTSfV6yBrapU89p5fKekE2m/NwnDocOVruQFS1/veMgdzuPcnOM34M6CwxW8jH/lxEa5rBoDeUwu5HHTw=="
        },
        "slash": {
          "version": "3.0.0",
          "resolved": "https://registry.npmjs.org/slash/-/slash-3.0.0.tgz",
          "integrity": "sha512-g9Q1haeby36OSStwb4ntCGGGaKsaVSjQ68fBxoQcutl5fS1vuY18H3wSt3jFyFtrkx+Kz0V1G85A4MyAdDMi2Q=="
        },
        "source-map": {
          "version": "0.6.1",
          "resolved": "https://registry.npmjs.org/source-map/-/source-map-0.6.1.tgz",
          "integrity": "sha512-UjgapumWlbMhkBgzT7Ykc5YXUT46F0iKu8SGXq0bcwP5dz/h0Plj6enJqjz1Zbq2l5WaqYnrVbwWOWMyF3F47g=="
        },
        "strip-ansi": {
          "version": "6.0.0",
          "resolved": "https://registry.npmjs.org/strip-ansi/-/strip-ansi-6.0.0.tgz",
          "integrity": "sha512-AuvKTrTfQNYNIctbR1K/YGTR1756GycPsg7b9bdV9Duqur4gv6aKqHXah67Z8ImS7WEz5QVcOtlfW2rZEugt6w=="
        },
        "to-regex-range": {
          "version": "5.0.1",
          "resolved": "https://registry.npmjs.org/to-regex-range/-/to-regex-range-5.0.1.tgz",
          "integrity": "sha512-65P7iz6X5yEr1cwcgvQxbbIw7Uk3gOy5dIdtZ4rDveLqhrdJP+Li/Hx6tyK0NEb+2GCyneCMJiGqrADCSNk8sQ=="
        }
      }
    },
    "stylelint-config-standard": {
      "version": "19.0.0",
      "resolved": "https://registry.npmjs.org/stylelint-config-standard/-/stylelint-config-standard-19.0.0.tgz",
      "integrity": "sha512-VvcODsL1PryzpYteWZo2YaA5vU/pWfjqBpOvmeA8iB2MteZ/ZhI1O4hnrWMidsS4vmEJpKtjdhLdfGJmmZm6Cg==",
      "dev": true
    },
    "stylelint-order": {
      "version": "3.1.1",
      "resolved": "https://registry.npmjs.org/stylelint-order/-/stylelint-order-3.1.1.tgz",
      "integrity": "sha512-4gP/r8j/6JGZ/LL41b2sYtQqfwZl4VSqTp7WeIwI67v/OXNQ08dnn64BGXNwAUSgb2+YIvIOxQaMzqMyQMzoyQ==",
      "dev": true
    },
    "stylelint-scss": {
      "version": "3.13.0",
      "resolved": "https://registry.npmjs.org/stylelint-scss/-/stylelint-scss-3.13.0.tgz",
      "integrity": "sha512-SaLnvQyndaPcsgVJsMh6zJ1uKVzkRZJx+Wg/stzoB1mTBdEmGketbHrGbMQNymzH/0mJ06zDSpeCDvNxqIJE5A==",
      "dev": true,
      "dependencies": {
        "cssesc": {
          "version": "3.0.0",
          "resolved": "https://registry.npmjs.org/cssesc/-/cssesc-3.0.0.tgz",
          "integrity": "sha512-/Tb/JcjK111nNScGob5MNtsntNM1aCNUDipB/TkwZFhyDrrE47SOx/18wF2bbjgc3ZzCSKW1T5nt5EbFoAz/Vg=="
        },
        "postcss-selector-parser": {
          "version": "6.0.2",
          "resolved": "https://registry.npmjs.org/postcss-selector-parser/-/postcss-selector-parser-6.0.2.tgz",
          "integrity": "sha512-36P2QR59jDTOAiIkqEprfJDsoNrvwFei3eCqKd1Y0tUsBimsq39BLp7RD+JWny3WgB1zGhJX8XVePwm9k4wdBg=="
        },
        "postcss-value-parser": {
          "version": "4.0.2",
          "resolved": "https://registry.npmjs.org/postcss-value-parser/-/postcss-value-parser-4.0.2.tgz",
          "integrity": "sha512-LmeoohTpp/K4UiyQCwuGWlONxXamGzCMtFxLq4W1nZVGIQLYvMCJx3yAF9qyyuFpflABI9yVdtJAqbihOsCsJQ=="
        }
      }
    }
  }
}
